
Microsoft Visual Studio Solution File, Format Version 12.00
# Visual Studio Version 16
VisualStudioVersion = 16.0.30406.217
MinimumVisualStudioVersion = 10.0.40219.1
Project("{FAE04EC0-301F-11D3-BF4B-00C04F79EFBC}") = "GeneralStoreAPI", "GeneralStoreAPI\GeneralStoreAPI.csproj", "{13818C51-22B2-4D5D-A389-29593200FCE5}"
EndProject
Global
	GlobalSection(SolutionConfigurationPlatforms) = preSolution
		Debug|Any CPU = Debug|Any CPU
		Release|Any CPU = Release|Any CPU
	EndGlobalSection
	GlobalSection(ProjectConfigurationPlatforms) = postSolution
		{13818C51-22B2-4D5D-A389-29593200FCE5}.Debug|Any CPU.ActiveCfg = Debug|Any CPU
		{13818C51-22B2-4D5D-A389-29593200FCE5}.Debug|Any CPU.Build.0 = Debug|Any CPU
		{13818C51-22B2-4D5D-A389-29593200FCE5}.Release|Any CPU.ActiveCfg = Release|Any CPU
		{13818C51-22B2-4D5D-A389-29593200FCE5}.Release|Any CPU.Build.0 = Release|Any CPU
	EndGlobalSection
	GlobalSection(SolutionProperties) = preSolution
		HideSolutionNode = FALSE
	EndGlobalSection
	GlobalSection(ExtensibilityGlobals) = postSolution
		SolutionGuid = {B2EE28A7-D5E4-4064-938B-784AA0460E1A}
	EndGlobalSection
EndGlobal
